
Microsoft Visual Studio Solution File, Format Version 12.00
# Visual Studio Version 17
VisualStudioVersion = 17.6.33815.320
MinimumVisualStudioVersion = 10.0.40219.1
Project("{FAE04EC0-301F-11D3-BF4B-00C04F79EFBC}") = "classe automobile", "classe automobile\classe automobile.csproj", "{108D4DB2-8A9F-472C-BA1C-F261A19626C9}"
EndProject
Global
	GlobalSection(SolutionConfigurationPlatforms) = preSolution
		Debug|Any CPU = Debug|Any CPU
		Release|Any CPU = Release|Any CPU
	EndGlobalSection
	GlobalSection(ProjectConfigurationPlatforms) = postSolution
		{108D4DB2-8A9F-472C-BA1C-F261A19626C9}.Debug|Any CPU.ActiveCfg = Debug|Any CPU
		{108D4DB2-8A9F-472C-BA1C-F261A19626C9}.Debug|Any CPU.Build.0 = Debug|Any CPU
		{108D4DB2-8A9F-472C-BA1C-F261A19626C9}.Release|Any CPU.ActiveCfg = Release|Any CPU
		{108D4DB2-8A9F-472C-BA1C-F261A19626C9}.Release|Any CPU.Build.0 = Release|Any CPU
	EndGlobalSection
	GlobalSection(SolutionProperties) = preSolution
		HideSolutionNode = FALSE
	EndGlobalSection
	GlobalSection(ExtensibilityGlobals) = postSolution
		SolutionGuid = {FD8388E8-F904-43DF-88ED-6E82688478C9}
	EndGlobalSection
EndGlobal
